
Microsoft Visual Studio Solution File, Format Version 12.00
# Visual Studio Version 17
VisualStudioVersion = 17.3.32922.545
MinimumVisualStudioVersion = 10.0.40219.1
Project("{FAE04EC0-301F-11D3-BF4B-00C04F79EFBC}") = "WebApplication1", "WebApplication1\WebApplication1.csproj", "{6A8A320E-833A-4FBF-A2D9-027A5D5E2262}"
EndProject
Global
	GlobalSection(SolutionConfigurationPlatforms) = preSolution
		Debug|Any CPU = Debug|Any CPU
		Release|Any CPU = Release|Any CPU
	EndGlobalSection
	GlobalSection(ProjectConfigurationPlatforms) = postSolution
		{6A8A320E-833A-4FBF-A2D9-027A5D5E2262}.Debug|Any CPU.ActiveCfg = Debug|Any CPU
		{6A8A320E-833A-4FBF-A2D9-027A5D5E2262}.Debug|Any CPU.Build.0 = Debug|Any CPU
		{6A8A320E-833A-4FBF-A2D9-027A5D5E2262}.Release|Any CPU.ActiveCfg = Release|Any CPU
		{6A8A320E-833A-4FBF-A2D9-027A5D5E2262}.Release|Any CPU.Build.0 = Release|Any CPU
	EndGlobalSection
	GlobalSection(SolutionProperties) = preSolution
		HideSolutionNode = FALSE
	EndGlobalSection
	GlobalSection(ExtensibilityGlobals) = postSolution
		SolutionGuid = {5602B568-1D76-4543-BBA3-6D269FB3B6E6}
	EndGlobalSection
EndGlobal
